
Microsoft Visual Studio Solution File, Format Version 12.00
# Visual Studio 15
VisualStudioVersion = 15.0.28307.489
MinimumVisualStudioVersion = 10.0.40219.1
Project("{FAE04EC0-301F-11D3-BF4B-00C04F79EFBC}") = "EjercicioClase7", "EjercicioClase7\EjercicioClase7.csproj", "{C3D2ECB7-AFBC-4377-B322-2B137496A944}"
EndProject
Project("{FAE04EC0-301F-11D3-BF4B-00C04F79EFBC}") = "Logica", "Logica\Logica.csproj", "{7014DEC3-E108-4BE0-98C3-B2C741706AB8}"
EndProject
Global
	GlobalSection(SolutionConfigurationPlatforms) = preSolution
		Debug|Any CPU = Debug|Any CPU
		Release|Any CPU = Release|Any CPU
	EndGlobalSection
	GlobalSection(ProjectConfigurationPlatforms) = postSolution
		{C3D2ECB7-AFBC-4377-B322-2B137496A944}.Debug|Any CPU.ActiveCfg = Debug|Any CPU
		{C3D2ECB7-AFBC-4377-B322-2B137496A944}.Debug|Any CPU.Build.0 = Debug|Any CPU
		{C3D2ECB7-AFBC-4377-B322-2B137496A944}.Release|Any CPU.ActiveCfg = Release|Any CPU
		{C3D2ECB7-AFBC-4377-B322-2B137496A944}.Release|Any CPU.Build.0 = Release|Any CPU
		{7014DEC3-E108-4BE0-98C3-B2C741706AB8}.Debug|Any CPU.ActiveCfg = Debug|Any CPU
		{7014DEC3-E108-4BE0-98C3-B2C741706AB8}.Debug|Any CPU.Build.0 = Debug|Any CPU
		{7014DEC3-E108-4BE0-98C3-B2C741706AB8}.Release|Any CPU.ActiveCfg = Release|Any CPU
		{7014DEC3-E108-4BE0-98C3-B2C741706AB8}.Release|Any CPU.Build.0 = Release|Any CPU
	EndGlobalSection
	GlobalSection(SolutionProperties) = preSolution
		HideSolutionNode = FALSE
	EndGlobalSection
	GlobalSection(ExtensibilityGlobals) = postSolution
		SolutionGuid = {27761D79-808B-4000-AA98-D4A5C42DE615}
	EndGlobalSection
EndGlobal
